
Microsoft Visual Studio Solution File, Format Version 12.00
# Visual Studio Version 17
VisualStudioVersion = 17.14.36930.0 d17.14
MinimumVisualStudioVersion = 10.0.40219.1
Project("{FAE04EC0-301F-11D3-BF4B-00C04F79EFBC}") = "GaleriaDeFotosTecWeb", "GaleriaDeFotosTecWeb\GaleriaDeFotosTecWeb.csproj", "{C972CCE8-8986-4883-973C-B344AE6FC111}"
EndProject
Global
	GlobalSection(SolutionConfigurationPlatforms) = preSolution
		Debug|Any CPU = Debug|Any CPU
		Release|Any CPU = Release|Any CPU
	EndGlobalSection
	GlobalSection(ProjectConfigurationPlatforms) = postSolution
		{C972CCE8-8986-4883-973C-B344AE6FC111}.Debug|Any CPU.ActiveCfg = Debug|Any CPU
		{C972CCE8-8986-4883-973C-B344AE6FC111}.Debug|Any CPU.Build.0 = Debug|Any CPU
		{C972CCE8-8986-4883-973C-B344AE6FC111}.Release|Any CPU.ActiveCfg = Release|Any CPU
		{C972CCE8-8986-4883-973C-B344AE6FC111}.Release|Any CPU.Build.0 = Release|Any CPU
	EndGlobalSection
	GlobalSection(SolutionProperties) = preSolution
		HideSolutionNode = FALSE
	EndGlobalSection
	GlobalSection(ExtensibilityGlobals) = postSolution
		SolutionGuid = {20C8AB46-F179-43D8-B20F-22D577D98912}
	EndGlobalSection
EndGlobal
